
Microsoft Visual Studio Solution File, Format Version 12.00
# Visual Studio 15
VisualStudioVersion = 15.0.27130.2010
MinimumVisualStudioVersion = 10.0.40219.1
Project("{2150E333-8FDC-42A3-9474-1A3956D46DE8}") = "Demo", "Demo", "{442A02EC-C92F-46B0-B884-9EF4CC64B8E3}"
EndProject
Project("{FAE04EC0-301F-11D3-BF4B-00C04F79EFBC}") = "BinarySearchDemo", "BinarySearchDemo\BinarySearchDemo.csproj", "{6E6C2E19-9B1F-418F-92F4-977E3B3CFEAA}"
EndProject
Project("{FAE04EC0-301F-11D3-BF4B-00C04F79EFBC}") = "GraphsDemo", "GraphsDemo\GraphsDemo.csproj", "{11E826AA-E265-4727-9A01-5151F7D77D36}"
EndProject
Project("{FAE04EC0-301F-11D3-BF4B-00C04F79EFBC}") = "BigONotation", "BigONotation\BigONotation.csproj", "{FA983AF1-324B-4E94-B098-1DC54CC439DD}"
EndProject
Project("{FAE04EC0-301F-11D3-BF4B-00C04F79EFBC}") = "Quizes", "Quizes\Quizes.csproj", "{CE079450-E081-44EE-975A-F4FEB29567BB}"
EndProject
Project("{FAE04EC0-301F-11D3-BF4B-00C04F79EFBC}") = "Algorithms", "Algorithms\Algorithms.csproj", "{069C6A69-1380-43B1-9055-81C364146873}"
EndProject
Project("{FAE04EC0-301F-11D3-BF4B-00C04F79EFBC}") = "DataStructures", "DataStructures\DataStructures.csproj", "{F3B50B4E-8797-4BE5-BE3B-BD43946B7C23}"
EndProject
Project("{FAE04EC0-301F-11D3-BF4B-00C04F79EFBC}") = "LoveRectangleDemo", "LoveRectangleDemo\LoveRectangleDemo.csproj", "{9A222FF8-4F7D-4DE8-B6CC-E13618A7775B}"
EndProject
Project("{2150E333-8FDC-42A3-9474-1A3956D46DE8}") = "UnitTests", "UnitTests", "{71AA0DA2-20C8-4AD3-9ECA-DFBAD920D976}"
EndProject
Project("{FAE04EC0-301F-11D3-BF4B-00C04F79EFBC}") = "DSATests", "DSATests\DSATests.csproj", "{C449A119-8752-4535-9C14-936342D4B120}"
EndProject
Project("{FAE04EC0-301F-11D3-BF4B-00C04F79EFBC}") = "BubbleSortDemo", "BubbleSortDemo\BubbleSortDemo.csproj", "{54F4B59F-7CB1-44F3-80CE-6E9D24438D8E}"
EndProject
Project("{FAE04EC0-301F-11D3-BF4B-00C04F79EFBC}") = "SelectionSortDemo", "SelectionSortDemo\SelectionSortDemo.csproj", "{B308DBC9-00E9-4A3E-9594-AFFABEE92B26}"
EndProject
Project("{FAE04EC0-301F-11D3-BF4B-00C04F79EFBC}") = "BackTrackingSubsetSumDemo", "BackTrackingSubsetSumDemo\BackTrackingSubsetSumDemo.csproj", "{5989D7FB-1465-4413-9D57-81D192DFBACE}"
EndProject
Project("{FAE04EC0-301F-11D3-BF4B-00C04F79EFBC}") = "SubsetSumDemo", "SubsetSumDemo\SubsetSumDemo.csproj", "{407AE19B-256A-48B3-BCEF-9EFB59AC255B}"
EndProject
Project("{FAE04EC0-301F-11D3-BF4B-00C04F79EFBC}") = "Demo", "Demo\Demo.csproj", "{C908B045-6665-457C-BE73-34A8725E8ACA}"
EndProject
Project("{2150E333-8FDC-42A3-9474-1A3956D46DE8}") = "SQL", "SQL", "{05E6D4A5-D617-46F2-BF56-41F4E798ED79}"
	ProjectSection(SolutionItems) = preProject
		FriendRequests1_OverallAcceptanceRate.sql = FriendRequests1_OverallAcceptanceRate.sql
	EndProjectSection
EndProject
Project("{2150E333-8FDC-42A3-9474-1A3956D46DE8}") = "OtherLanguageCodes", "OtherLanguageCodes", "{496CA8D1-8EC2-4553-BB6C-AF0178EE84F4}"
EndProject
Project("{2150E333-8FDC-42A3-9474-1A3956D46DE8}") = "JAVA", "JAVA", "{A105FF03-25DA-47CC-8C0D-14EE858B0D3C}"
EndProject
Project("{2150E333-8FDC-42A3-9474-1A3956D46DE8}") = "C_CPP", "C_CPP", "{135E9FEE-029D-4484-8CF3-745D19A9CF21}"
EndProject
Project("{2150E333-8FDC-42A3-9474-1A3956D46DE8}") = "Python", "Python", "{2F8FE10B-4BAF-4A0C-8EAA-8056A93DD364}"
EndProject
Project("{2150E333-8FDC-42A3-9474-1A3956D46DE8}") = "Ruby", "Ruby", "{FDAB0EA9-AD86-4247-966D-B32525132C59}"
EndProject
Project("{2150E333-8FDC-42A3-9474-1A3956D46DE8}") = "CSharp", "CSharp", "{58C3E1EB-ED3B-4FC2-9B31-E7EA6DAE62AA}"
EndProject
Project("{2150E333-8FDC-42A3-9474-1A3956D46DE8}") = "__ReadMe__", "__ReadMe__", "{F4E5F6E4-7085-4E09-8FEA-F12C001E5F52}"
	ProjectSection(SolutionItems) = preProject
		__ReadMe__\CTCIIQ1.1.txt = __ReadMe__\CTCIIQ1.1.txt
		__ReadMe__\CTCIIQ1.2.txt = __ReadMe__\CTCIIQ1.2.txt
	EndProjectSection
EndProject
Project("{2150E333-8FDC-42A3-9474-1A3956D46DE8}") = "CTCI", "CTCI", "{3CAFE7EC-FE07-4CAB-972A-CFCE9AE25A7F}"
	ProjectSection(SolutionItems) = preProject
		OtherLanguageCodes\CSharp\CTCI\CTCI1.1.cs = OtherLanguageCodes\CSharp\CTCI\CTCI1.1.cs
	EndProjectSection
EndProject
Project("{2150E333-8FDC-42A3-9474-1A3956D46DE8}") = "LeetCode", "LeetCode", "{5288F232-CC71-42F3-A71F-E8FF6881C551}"
	ProjectSection(SolutionItems) = preProject
		OtherLanguageCodes\CSharp\LeetCode\LeetCodeProblem000001.cs = OtherLanguageCodes\CSharp\LeetCode\LeetCodeProblem000001.cs
		OtherLanguageCodes\CSharp\LeetCode\LeetCodeProblem000002.cs = OtherLanguageCodes\CSharp\LeetCode\LeetCodeProblem000002.cs
		OtherLanguageCodes\CSharp\LeetCode\LeetCodeProblem000008.cs = OtherLanguageCodes\CSharp\LeetCode\LeetCodeProblem000008.cs
	EndProjectSection
EndProject
Project("{2150E333-8FDC-42A3-9474-1A3956D46DE8}") = "HackerRank", "HackerRank", "{441A16B9-AE58-4D5A-BB75-19573889D98C}"
EndProject
Project("{2150E333-8FDC-42A3-9474-1A3956D46DE8}") = "DataStructures", "DataStructures", "{E097DE18-66DB-4078-8882-C406028C70D2}"
	ProjectSection(SolutionItems) = preProject
		__ReadMe__\DataStructures\HashTables.txt = __ReadMe__\DataStructures\HashTables.txt
	EndProjectSection
EndProject
Project("{2150E333-8FDC-42A3-9474-1A3956D46DE8}") = "Misc", "Misc", "{71E5530B-28B4-4AE0-B452-B14E20755B0D}"
	ProjectSection(SolutionItems) = preProject
		OtherLanguageCodes\CSharp\Misc\BitwiseOperators.cs = OtherLanguageCodes\CSharp\Misc\BitwiseOperators.cs
		OtherLanguageCodes\CSharp\Misc\GraphDFSAndBFSDemo.cs = OtherLanguageCodes\CSharp\Misc\GraphDFSAndBFSDemo.cs
	EndProjectSection
EndProject
Project("{FAE04EC0-301F-11D3-BF4B-00C04F79EFBC}") = "ClockDemo", "ClockDemo\ClockDemo.csproj", "{B5F17441-C861-42CD-9A4E-822EAF80A41C}"
EndProject
Project("{FAE04EC0-301F-11D3-BF4B-00C04F79EFBC}") = "MathsDemo", "MathsDemo\MathsDemo.csproj", "{7DAB7D59-3DB7-450A-9CD3-2C0CDA028CB9}"
EndProject
Global
	GlobalSection(SolutionConfigurationPlatforms) = preSolution
		Debug|Any CPU = Debug|Any CPU
		Release|Any CPU = Release|Any CPU
	EndGlobalSection
	GlobalSection(ProjectConfigurationPlatforms) = postSolution
		{6E6C2E19-9B1F-418F-92F4-977E3B3CFEAA}.Debug|Any CPU.ActiveCfg = Debug|Any CPU
		{6E6C2E19-9B1F-418F-92F4-977E3B3CFEAA}.Debug|Any CPU.Build.0 = Debug|Any CPU
		{6E6C2E19-9B1F-418F-92F4-977E3B3CFEAA}.Release|Any CPU.ActiveCfg = Release|Any CPU
		{6E6C2E19-9B1F-418F-92F4-977E3B3CFEAA}.Release|Any CPU.Build.0 = Release|Any CPU
		{11E826AA-E265-4727-9A01-5151F7D77D36}.Debug|Any CPU.ActiveCfg = Debug|Any CPU
		{11E826AA-E265-4727-9A01-5151F7D77D36}.Debug|Any CPU.Build.0 = Debug|Any CPU
		{11E826AA-E265-4727-9A01-5151F7D77D36}.Release|Any CPU.ActiveCfg = Release|Any CPU
		{11E826AA-E265-4727-9A01-5151F7D77D36}.Release|Any CPU.Build.0 = Release|Any CPU
		{FA983AF1-324B-4E94-B098-1DC54CC439DD}.Debug|Any CPU.ActiveCfg = Debug|Any CPU
		{FA983AF1-324B-4E94-B098-1DC54CC439DD}.Debug|Any CPU.Build.0 = Debug|Any CPU
		{FA983AF1-324B-4E94-B098-1DC54CC439DD}.Release|Any CPU.ActiveCfg = Release|Any CPU
		{FA983AF1-324B-4E94-B098-1DC54CC439DD}.Release|Any CPU.Build.0 = Release|Any CPU
		{CE079450-E081-44EE-975A-F4FEB29567BB}.Debug|Any CPU.ActiveCfg = Debug|Any CPU
		{CE079450-E081-44EE-975A-F4FEB29567BB}.Debug|Any CPU.Build.0 = Debug|Any CPU
		{CE079450-E081-44EE-975A-F4FEB29567BB}.Release|Any CPU.ActiveCfg = Release|Any CPU
		{CE079450-E081-44EE-975A-F4FEB29567BB}.Release|Any CPU.Build.0 = Release|Any CPU
		{069C6A69-1380-43B1-9055-81C364146873}.Debug|Any CPU.ActiveCfg = Debug|Any CPU
		{069C6A69-1380-43B1-9055-81C364146873}.Debug|Any CPU.Build.0 = Debug|Any CPU
		{069C6A69-1380-43B1-9055-81C364146873}.Release|Any CPU.ActiveCfg = Release|Any CPU
		{069C6A69-1380-43B1-9055-81C364146873}.Release|Any CPU.Build.0 = Release|Any CPU
		{F3B50B4E-8797-4BE5-BE3B-BD43946B7C23}.Debug|Any CPU.ActiveCfg = Debug|Any CPU
		{F3B50B4E-8797-4BE5-BE3B-BD43946B7C23}.Debug|Any CPU.Build.0 = Debug|Any CPU
		{F3B50B4E-8797-4BE5-BE3B-BD43946B7C23}.Release|Any CPU.ActiveCfg = Release|Any CPU
		{F3B50B4E-8797-4BE5-BE3B-BD43946B7C23}.Release|Any CPU.Build.0 = Release|Any CPU
		{9A222FF8-4F7D-4DE8-B6CC-E13618A7775B}.Debug|Any CPU.ActiveCfg = Debug|Any CPU
		{9A222FF8-4F7D-4DE8-B6CC-E13618A7775B}.Debug|Any CPU.Build.0 = Debug|Any CPU
		{9A222FF8-4F7D-4DE8-B6CC-E13618A7775B}.Release|Any CPU.ActiveCfg = Release|Any CPU
		{9A222FF8-4F7D-4DE8-B6CC-E13618A7775B}.Release|Any CPU.Build.0 = Release|Any CPU
		{C449A119-8752-4535-9C14-936342D4B120}.Debug|Any CPU.ActiveCfg = Debug|Any CPU
		{C449A119-8752-4535-9C14-936342D4B120}.Debug|Any CPU.Build.0 = Debug|Any CPU
		{C449A119-8752-4535-9C14-936342D4B120}.Release|Any CPU.ActiveCfg = Release|Any CPU
		{C449A119-8752-4535-9C14-936342D4B120}.Release|Any CPU.Build.0 = Release|Any CPU
		{54F4B59F-7CB1-44F3-80CE-6E9D24438D8E}.Debug|Any CPU.ActiveCfg = Debug|Any CPU
		{54F4B59F-7CB1-44F3-80CE-6E9D24438D8E}.Debug|Any CPU.Build.0 = Debug|Any CPU
		{54F4B59F-7CB1-44F3-80CE-6E9D24438D8E}.Release|Any CPU.ActiveCfg = Release|Any CPU
		{54F4B59F-7CB1-44F3-80CE-6E9D24438D8E}.Release|Any CPU.Build.0 = Release|Any CPU
		{B308DBC9-00E9-4A3E-9594-AFFABEE92B26}.Debug|Any CPU.ActiveCfg = Debug|Any CPU
		{B308DBC9-00E9-4A3E-9594-AFFABEE92B26}.Debug|Any CPU.Build.0 = Debug|Any CPU
		{B308DBC9-00E9-4A3E-9594-AFFABEE92B26}.Release|Any CPU.ActiveCfg = Release|Any CPU
		{B308DBC9-00E9-4A3E-9594-AFFABEE92B26}.Release|Any CPU.Build.0 = Release|Any CPU
		{5989D7FB-1465-4413-9D57-81D192DFBACE}.Debug|Any CPU.ActiveCfg = Debug|Any CPU
		{5989D7FB-1465-4413-9D57-81D192DFBACE}.Debug|Any CPU.Build.0 = Debug|Any CPU
		{5989D7FB-1465-4413-9D57-81D192DFBACE}.Release|Any CPU.ActiveCfg = Release|Any CPU
		{5989D7FB-1465-4413-9D57-81D192DFBACE}.Release|Any CPU.Build.0 = Release|Any CPU
		{407AE19B-256A-48B3-BCEF-9EFB59AC255B}.Debug|Any CPU.ActiveCfg = Debug|Any CPU
		{407AE19B-256A-48B3-BCEF-9EFB59AC255B}.Debug|Any CPU.Build.0 = Debug|Any CPU
		{407AE19B-256A-48B3-BCEF-9EFB59AC255B}.Release|Any CPU.ActiveCfg = Release|Any CPU
		{407AE19B-256A-48B3-BCEF-9EFB59AC255B}.Release|Any CPU.Build.0 = Release|Any CPU
		{C908B045-6665-457C-BE73-34A8725E8ACA}.Debug|Any CPU.ActiveCfg = Debug|Any CPU
		{C908B045-6665-457C-BE73-34A8725E8ACA}.Debug|Any CPU.Build.0 = Debug|Any CPU
		{C908B045-6665-457C-BE73-34A8725E8ACA}.Release|Any CPU.ActiveCfg = Release|Any CPU
		{C908B045-6665-457C-BE73-34A8725E8ACA}.Release|Any CPU.Build.0 = Release|Any CPU
		{B5F17441-C861-42CD-9A4E-822EAF80A41C}.Debug|Any CPU.ActiveCfg = Debug|Any CPU
		{B5F17441-C861-42CD-9A4E-822EAF80A41C}.Debug|Any CPU.Build.0 = Debug|Any CPU
		{B5F17441-C861-42CD-9A4E-822EAF80A41C}.Release|Any CPU.ActiveCfg = Release|Any CPU
		{B5F17441-C861-42CD-9A4E-822EAF80A41C}.Release|Any CPU.Build.0 = Release|Any CPU
		{7DAB7D59-3DB7-450A-9CD3-2C0CDA028CB9}.Debug|Any CPU.ActiveCfg = Debug|Any CPU
		{7DAB7D59-3DB7-450A-9CD3-2C0CDA028CB9}.Debug|Any CPU.Build.0 = Debug|Any CPU
		{7DAB7D59-3DB7-450A-9CD3-2C0CDA028CB9}.Release|Any CPU.ActiveCfg = Release|Any CPU
		{7DAB7D59-3DB7-450A-9CD3-2C0CDA028CB9}.Release|Any CPU.Build.0 = Release|Any CPU
	EndGlobalSection
	GlobalSection(SolutionProperties) = preSolution
		HideSolutionNode = FALSE
	EndGlobalSection
	GlobalSection(NestedProjects) = preSolution
		{6E6C2E19-9B1F-418F-92F4-977E3B3CFEAA} = {442A02EC-C92F-46B0-B884-9EF4CC64B8E3}
		{11E826AA-E265-4727-9A01-5151F7D77D36} = {442A02EC-C92F-46B0-B884-9EF4CC64B8E3}
		{9A222FF8-4F7D-4DE8-B6CC-E13618A7775B} = {442A02EC-C92F-46B0-B884-9EF4CC64B8E3}
		{C449A119-8752-4535-9C14-936342D4B120} = {71AA0DA2-20C8-4AD3-9ECA-DFBAD920D976}
		{54F4B59F-7CB1-44F3-80CE-6E9D24438D8E} = {442A02EC-C92F-46B0-B884-9EF4CC64B8E3}
		{B308DBC9-00E9-4A3E-9594-AFFABEE92B26} = {442A02EC-C92F-46B0-B884-9EF4CC64B8E3}
		{5989D7FB-1465-4413-9D57-81D192DFBACE} = {442A02EC-C92F-46B0-B884-9EF4CC64B8E3}
		{407AE19B-256A-48B3-BCEF-9EFB59AC255B} = {442A02EC-C92F-46B0-B884-9EF4CC64B8E3}
		{C908B045-6665-457C-BE73-34A8725E8ACA} = {442A02EC-C92F-46B0-B884-9EF4CC64B8E3}
		{A105FF03-25DA-47CC-8C0D-14EE858B0D3C} = {496CA8D1-8EC2-4553-BB6C-AF0178EE84F4}
		{135E9FEE-029D-4484-8CF3-745D19A9CF21} = {496CA8D1-8EC2-4553-BB6C-AF0178EE84F4}
		{2F8FE10B-4BAF-4A0C-8EAA-8056A93DD364} = {496CA8D1-8EC2-4553-BB6C-AF0178EE84F4}
		{FDAB0EA9-AD86-4247-966D-B32525132C59} = {496CA8D1-8EC2-4553-BB6C-AF0178EE84F4}
		{58C3E1EB-ED3B-4FC2-9B31-E7EA6DAE62AA} = {496CA8D1-8EC2-4553-BB6C-AF0178EE84F4}
		{3CAFE7EC-FE07-4CAB-972A-CFCE9AE25A7F} = {58C3E1EB-ED3B-4FC2-9B31-E7EA6DAE62AA}
		{5288F232-CC71-42F3-A71F-E8FF6881C551} = {58C3E1EB-ED3B-4FC2-9B31-E7EA6DAE62AA}
		{441A16B9-AE58-4D5A-BB75-19573889D98C} = {58C3E1EB-ED3B-4FC2-9B31-E7EA6DAE62AA}
		{E097DE18-66DB-4078-8882-C406028C70D2} = {F4E5F6E4-7085-4E09-8FEA-F12C001E5F52}
		{71E5530B-28B4-4AE0-B452-B14E20755B0D} = {58C3E1EB-ED3B-4FC2-9B31-E7EA6DAE62AA}
		{B5F17441-C861-42CD-9A4E-822EAF80A41C} = {442A02EC-C92F-46B0-B884-9EF4CC64B8E3}
		{7DAB7D59-3DB7-450A-9CD3-2C0CDA028CB9} = {442A02EC-C92F-46B0-B884-9EF4CC64B8E3}
	EndGlobalSection
	GlobalSection(ExtensibilityGlobals) = postSolution
		SolutionGuid = {4D6DE0BD-EC6F-4B5A-A6AA-DA1A6AA2A7A9}
	EndGlobalSection
EndGlobal
