
Microsoft Visual Studio Solution File, Format Version 12.00
# Visual Studio Version 16
VisualStudioVersion = 16.0.30621.155
MinimumVisualStudioVersion = 10.0.40219.1
Project("{FAE04EC0-301F-11D3-BF4B-00C04F79EFBC}") = "TestWebAPI", "TestWebAPI\TestWebAPI.csproj", "{EB4048D1-9A92-4950-9A83-2D5B9E31DBB9}"
EndProject
Global
	GlobalSection(SolutionConfigurationPlatforms) = preSolution
		Debug|Any CPU = Debug|Any CPU
		Release|Any CPU = Release|Any CPU
	EndGlobalSection
	GlobalSection(ProjectConfigurationPlatforms) = postSolution
		{EB4048D1-9A92-4950-9A83-2D5B9E31DBB9}.Debug|Any CPU.ActiveCfg = Debug|Any CPU
		{EB4048D1-9A92-4950-9A83-2D5B9E31DBB9}.Debug|Any CPU.Build.0 = Debug|Any CPU
		{EB4048D1-9A92-4950-9A83-2D5B9E31DBB9}.Release|Any CPU.ActiveCfg = Release|Any CPU
		{EB4048D1-9A92-4950-9A83-2D5B9E31DBB9}.Release|Any CPU.Build.0 = Release|Any CPU
	EndGlobalSection
	GlobalSection(SolutionProperties) = preSolution
		HideSolutionNode = FALSE
	EndGlobalSection
	GlobalSection(ExtensibilityGlobals) = postSolution
		SolutionGuid = {3D642F6A-4628-47B3-8B84-EE56D988779D}
	EndGlobalSection
EndGlobal
