
Microsoft Visual Studio Solution File, Format Version 12.00
# Visual Studio Version 16
VisualStudioVersion = 16.0.30621.155
MinimumVisualStudioVersion = 10.0.40219.1
Project("{FAE04EC0-301F-11D3-BF4B-00C04F79EFBC}") = "TestConsole", "TestConsole\TestConsole.csproj", "{3197FAB7-D731-4A20-A54D-6C5CE5C4064A}"
EndProject
Global
	GlobalSection(SolutionConfigurationPlatforms) = preSolution
		Debug|Any CPU = Debug|Any CPU
		Release|Any CPU = Release|Any CPU
	EndGlobalSection
	GlobalSection(ProjectConfigurationPlatforms) = postSolution
		{3197FAB7-D731-4A20-A54D-6C5CE5C4064A}.Debug|Any CPU.ActiveCfg = Debug|Any CPU
		{3197FAB7-D731-4A20-A54D-6C5CE5C4064A}.Debug|Any CPU.Build.0 = Debug|Any CPU
		{3197FAB7-D731-4A20-A54D-6C5CE5C4064A}.Release|Any CPU.ActiveCfg = Release|Any CPU
		{3197FAB7-D731-4A20-A54D-6C5CE5C4064A}.Release|Any CPU.Build.0 = Release|Any CPU
	EndGlobalSection
	GlobalSection(SolutionProperties) = preSolution
		HideSolutionNode = FALSE
	EndGlobalSection
	GlobalSection(ExtensibilityGlobals) = postSolution
		SolutionGuid = {160F01B6-1BBF-43D2-A245-44EAA4BD25D2}
	EndGlobalSection
EndGlobal
